
Microsoft Visual Studio Solution File, Format Version 12.00
# Visual Studio Version 17
VisualStudioVersion = 17.14.36327.8 d17.14
MinimumVisualStudioVersion = 10.0.40219.1
Project("{FAE04EC0-301F-11D3-BF4B-00C04F79EFBC}") = "PluginContracts", "PluginContracts\PluginContracts.csproj", "{D055ABB9-640D-4220-9BE3-EF9BEFDC9A2C}"
EndProject
Project("{FAE04EC0-301F-11D3-BF4B-00C04F79EFBC}") = "HelloPlugin", "HelloPlugin\HelloPlugin.csproj", "{693C7F55-A370-4CE1-B90C-6ED93599C796}"
EndProject
Project("{FAE04EC0-301F-11D3-BF4B-00C04F79EFBC}") = "GoodbyePlugin", "GoodbyePlugin\GoodbyePlugin.csproj", "{32C147DA-AEBE-488D-93A8-57352CDA1B05}"
EndProject
Project("{FAE04EC0-301F-11D3-BF4B-00C04F79EFBC}") = "MainApp", "MainApp\MainApp.csproj", "{EFC96117-74FC-4A0D-AB8D-63D2EBF269D8}"
EndProject
Global
	GlobalSection(SolutionConfigurationPlatforms) = preSolution
		Debug|Any CPU = Debug|Any CPU
		Release|Any CPU = Release|Any CPU
	EndGlobalSection
	GlobalSection(ProjectConfigurationPlatforms) = postSolution
		{D055ABB9-640D-4220-9BE3-EF9BEFDC9A2C}.Debug|Any CPU.ActiveCfg = Debug|Any CPU
		{D055ABB9-640D-4220-9BE3-EF9BEFDC9A2C}.Debug|Any CPU.Build.0 = Debug|Any CPU
		{D055ABB9-640D-4220-9BE3-EF9BEFDC9A2C}.Release|Any CPU.ActiveCfg = Release|Any CPU
		{D055ABB9-640D-4220-9BE3-EF9BEFDC9A2C}.Release|Any CPU.Build.0 = Release|Any CPU
		{693C7F55-A370-4CE1-B90C-6ED93599C796}.Debug|Any CPU.ActiveCfg = Debug|Any CPU
		{693C7F55-A370-4CE1-B90C-6ED93599C796}.Debug|Any CPU.Build.0 = Debug|Any CPU
		{693C7F55-A370-4CE1-B90C-6ED93599C796}.Release|Any CPU.ActiveCfg = Release|Any CPU
		{693C7F55-A370-4CE1-B90C-6ED93599C796}.Release|Any CPU.Build.0 = Release|Any CPU
		{32C147DA-AEBE-488D-93A8-57352CDA1B05}.Debug|Any CPU.ActiveCfg = Debug|Any CPU
		{32C147DA-AEBE-488D-93A8-57352CDA1B05}.Debug|Any CPU.Build.0 = Debug|Any CPU
		{32C147DA-AEBE-488D-93A8-57352CDA1B05}.Release|Any CPU.ActiveCfg = Release|Any CPU
		{32C147DA-AEBE-488D-93A8-57352CDA1B05}.Release|Any CPU.Build.0 = Release|Any CPU
		{EFC96117-74FC-4A0D-AB8D-63D2EBF269D8}.Debug|Any CPU.ActiveCfg = Debug|Any CPU
		{EFC96117-74FC-4A0D-AB8D-63D2EBF269D8}.Debug|Any CPU.Build.0 = Debug|Any CPU
		{EFC96117-74FC-4A0D-AB8D-63D2EBF269D8}.Release|Any CPU.ActiveCfg = Release|Any CPU
		{EFC96117-74FC-4A0D-AB8D-63D2EBF269D8}.Release|Any CPU.Build.0 = Release|Any CPU
	EndGlobalSection
	GlobalSection(SolutionProperties) = preSolution
		HideSolutionNode = FALSE
	EndGlobalSection
	GlobalSection(ExtensibilityGlobals) = postSolution
		SolutionGuid = {2A67AB85-DA60-44C3-A9DC-E98E95CE35CA}
	EndGlobalSection
EndGlobal
